
Microsoft Visual Studio Solution File, Format Version 12.00
# Visual Studio Version 17
VisualStudioVersion = 17.3.32929.385
MinimumVisualStudioVersion = 10.0.40219.1
Project("{FAE04EC0-301F-11D3-BF4B-00C04F79EFBC}") = "FilmCollectionProject", "FilmCollectionProject\FilmCollectionProject.csproj", "{5EB73713-70E6-419E-BB40-9995D3D544AB}"
EndProject
Global
	GlobalSection(SolutionConfigurationPlatforms) = preSolution
		Debug|Any CPU = Debug|Any CPU
		Release|Any CPU = Release|Any CPU
	EndGlobalSection
	GlobalSection(ProjectConfigurationPlatforms) = postSolution
		{5EB73713-70E6-419E-BB40-9995D3D544AB}.Debug|Any CPU.ActiveCfg = Debug|Any CPU
		{5EB73713-70E6-419E-BB40-9995D3D544AB}.Debug|Any CPU.Build.0 = Debug|Any CPU
		{5EB73713-70E6-419E-BB40-9995D3D544AB}.Release|Any CPU.ActiveCfg = Release|Any CPU
		{5EB73713-70E6-419E-BB40-9995D3D544AB}.Release|Any CPU.Build.0 = Release|Any CPU
	EndGlobalSection
	GlobalSection(SolutionProperties) = preSolution
		HideSolutionNode = FALSE
	EndGlobalSection
	GlobalSection(ExtensibilityGlobals) = postSolution
		SolutionGuid = {E5367D0B-E46C-4152-A40F-12A09B319FD1}
	EndGlobalSection
EndGlobal
